// !$*UTF8*$!
{
	archiveVersion = 1;
	classes = {
	};
	objectVersion = 51;
	objects = {

/* Begin PBXBuildFile section */
		0BE1C0BE2381F035AEB02D1E /* Pods_TodoApp_TodoAppUITests.framework in Frameworks */ = {isa = PBXBuildFile; fileRef = 5D801B842D25354143B3492A /* Pods_TodoApp_TodoAppUITests.framework */; };
		10087AAFD5AAB03A23478C62 /* Pods_TodoApp.framework in Frameworks */ = {isa = PBXBuildFile; fileRef = 99A2C4E0B85AA6841E32C8CA /* Pods_TodoApp.framework */; };
		40A4F71824AAAC18001469C2 /* AppDelegate.swift in Sources */ = {isa = PBXBuildFile; fileRef = 40A4F71724AAAC18001469C2 /* AppDelegate.swift */; };
		40A4F71A24AAAC18001469C2 /* SceneDelegate.swift in Sources */ = {isa = PBXBuildFile; fileRef = 40A4F71924AAAC18001469C2 /* SceneDelegate.swift */; };
		40A4F71C24AAAC18001469C2 /* TaskListView.swift in Sources */ = {isa = PBXBuildFile; fileRef = 40A4F71B24AAAC18001469C2 /* TaskListView.swift */; };
		40A4F71E24AAAC1A001469C2 /* Assets.xcassets in Resources */ = {isa = PBXBuildFile; fileRef = 40A4F71D24AAAC1A001469C2 /* Assets.xcassets */; };
		40A4F72124AAAC1A001469C2 /* Preview Assets.xcassets in Resources */ = {isa = PBXBuildFile; fileRef = 40A4F72024AAAC1A001469C2 /* Preview Assets.xcassets */; };
		40A4F72424AAAC1A001469C2 /* LaunchScreen.storyboard in Resources */ = {isa = PBXBuildFile; fileRef = 40A4F72224AAAC1A001469C2 /* LaunchScreen.storyboard */; };
		40A4F72F24AAAC1B001469C2 /* TodoAppTests.swift in Sources */ = {isa = PBXBuildFile; fileRef = 40A4F72E24AAAC1B001469C2 /* TodoAppTests.swift */; };
		40A4F73A24AAAC1B001469C2 /* TodoAppUITests.swift in Sources */ = {isa = PBXBuildFile; fileRef = 40A4F73924AAAC1B001469C2 /* TodoAppUITests.swift */; };
		40A4F74924AAAC46001469C2 /* Task.swift in Sources */ = {isa = PBXBuildFile; fileRef = 40A4F74824AAAC46001469C2 /* Task.swift */; };
		40A4F74E24AAB2E7001469C2 /* TaskCellViewModel.swift in Sources */ = {isa = PBXBuildFile; fileRef = 40A4F74D24AAB2E7001469C2 /* TaskCellViewModel.swift */; };
		40A4F75224AAB4F0001469C2 /* TaskListViewModel.swift in Sources */ = {isa = PBXBuildFile; fileRef = 40A4F75124AAB4F0001469C2 /* TaskListViewModel.swift */; };
		40A4F75424AAC362001469C2 /* GoogleService-Info.plist in Resources */ = {isa = PBXBuildFile; fileRef = 40A4F75324AAC362001469C2 /* GoogleService-Info.plist */; };
		40A4F75724AAC74E001469C2 /* TaskRepository.swift in Sources */ = {isa = PBXBuildFile; fileRef = 40A4F75624AAC74E001469C2 /* TaskRepository.swift */; };
		45DFDFEBCCBB69A78B747822 /* Pods_TodoAppTests.framework in Frameworks */ = {isa = PBXBuildFile; fileRef = BE09902A6094471103530543 /* Pods_TodoAppTests.framework */; };
/* End PBXBuildFile section */

/* Begin PBXContainerItemProxy section */
		40A4F72B24AAAC1B001469C2 /* PBXContainerItemProxy */ = {
			isa = PBXContainerItemProxy;
			containerPortal = 40A4F70C24AAAC18001469C2 /* Project object */;
			proxyType = 1;
			remoteGlobalIDString = 40A4F71324AAAC18001469C2;
			remoteInfo = TodoApp;
		};
		40A4F73624AAAC1B001469C2 /* PBXContainerItemProxy */ = {
			isa = PBXContainerItemProxy;
			containerPortal = 40A4F70C24AAAC18001469C2 /* Project object */;
			proxyType = 1;
			remoteGlobalIDString = 40A4F71324AAAC18001469C2;
			remoteInfo = TodoApp;
		};
/* End PBXContainerItemProxy section */

/* Begin PBXFileReference section */
		40A4F71424AAAC18001469C2 /* TodoApp.app */ = {isa = PBXFileReference; explicitFileType = wrapper.application; includeInIndex = 0; path = TodoApp.app; sourceTree = BUILT_PRODUCTS_DIR; };
		40A4F71724AAAC18001469C2 /* AppDelegate.swift */ = {isa = PBXFileReference; lastKnownFileType = sourcecode.swift; path = AppDelegate.swift; sourceTree = "<group>"; };
		40A4F71924AAAC18001469C2 /* SceneDelegate.swift */ = {isa = PBXFileReference; lastKnownFileType = sourcecode.swift; path = SceneDelegate.swift; sourceTree = "<group>"; };
		40A4F71B24AAAC18001469C2 /* TaskListView.swift */ = {isa = PBXFileReference; lastKnownFileType = sourcecode.swift; path = TaskListView.swift; sourceTree = "<group>"; };
		40A4F71D24AAAC1A001469C2 /* Assets.xcassets */ = {isa = PBXFileReference; lastKnownFileType = folder.assetcatalog; path = Assets.xcassets; sourceTree = "<group>"; };
		40A4F72024AAAC1A001469C2 /* Preview Assets.xcassets */ = {isa = PBXFileReference; lastKnownFileType = folder.assetcatalog; path = "Preview Assets.xcassets"; sourceTree = "<group>"; };
		40A4F72324AAAC1A001469C2 /* Base */ = {isa = PBXFileReference; lastKnownFileType = file.storyboard; name = Base; path = Base.lproj/LaunchScreen.storyboard; sourceTree = "<group>"; };
		40A4F72524AAAC1A001469C2 /* Info.plist */ = {isa = PBXFileReference; lastKnownFileType = text.plist.xml; path = Info.plist; sourceTree = "<group>"; };
		40A4F72A24AAAC1A001469C2 /* TodoAppTests.xctest */ = {isa = PBXFileReference; explicitFileType = wrapper.cfbundle; includeInIndex = 0; path = TodoAppTests.xctest; sourceTree = BUILT_PRODUCTS_DIR; };
		40A4F72E24AAAC1B001469C2 /* TodoAppTests.swift */ = {isa = PBXFileReference; lastKnownFileType = sourcecode.swift; path = TodoAppTests.swift; sourceTree = "<group>"; };
		40A4F73024AAAC1B001469C2 /* Info.plist */ = {isa = PBXFileReference; lastKnownFileType = text.plist.xml; path = Info.plist; sourceTree = "<group>"; };
		40A4F73524AAAC1B001469C2 /* TodoAppUITests.xctest */ = {isa = PBXFileReference; explicitFileType = wrapper.cfbundle; includeInIndex = 0; path = TodoAppUITests.xctest; sourceTree = BUILT_PRODUCTS_DIR; };
		40A4F73924AAAC1B001469C2 /* TodoAppUITests.swift */ = {isa = PBXFileReference; lastKnownFileType = sourcecode.swift; path = TodoAppUITests.swift; sourceTree = "<group>"; };
		40A4F73B24AAAC1B001469C2 /* Info.plist */ = {isa = PBXFileReference; lastKnownFileType = text.plist.xml; path = Info.plist; sourceTree = "<group>"; };
		40A4F74824AAAC46001469C2 /* Task.swift */ = {isa = PBXFileReference; lastKnownFileType = sourcecode.swift; path = Task.swift; sourceTree = "<group>"; };
		40A4F74D24AAB2E7001469C2 /* TaskCellViewModel.swift */ = {isa = PBXFileReference; lastKnownFileType = sourcecode.swift; path = TaskCellViewModel.swift; sourceTree = "<group>"; };
		40A4F75124AAB4F0001469C2 /* TaskListViewModel.swift */ = {isa = PBXFileReference; lastKnownFileType = sourcecode.swift; path = TaskListViewModel.swift; sourceTree = "<group>"; };
		40A4F75324AAC362001469C2 /* GoogleService-Info.plist */ = {isa = PBXFileReference; fileEncoding = 4; lastKnownFileType = text.plist.xml; path = "GoogleService-Info.plist"; sourceTree = "<group>"; };
		40A4F75624AAC74E001469C2 /* TaskRepository.swift */ = {isa = PBXFileReference; lastKnownFileType = sourcecode.swift; path = TaskRepository.swift; sourceTree = "<group>"; };
		5D801B842D25354143B3492A /* Pods_TodoApp_TodoAppUITests.framework */ = {isa = PBXFileReference; explicitFileType = wrapper.framework; includeInIndex = 0; path = Pods_TodoApp_TodoAppUITests.framework; sourceTree = BUILT_PRODUCTS_DIR; };
		99A2C4E0B85AA6841E32C8CA /* Pods_TodoApp.framework */ = {isa = PBXFileReference; explicitFileType = wrapper.framework; includeInIndex = 0; path = Pods_TodoApp.framework; sourceTree = BUILT_PRODUCTS_DIR; };
		A9E066A7EA21EBF6BA1009D0 /* Pods-TodoApp-TodoAppUITests.release.xcconfig */ = {isa = PBXFileReference; includeInIndex = 1; lastKnownFileType = text.xcconfig; name = "Pods-TodoApp-TodoAppUITests.release.xcconfig"; path = "Target Support Files/Pods-TodoApp-TodoAppUITests/Pods-TodoApp-TodoAppUITests.release.xcconfig"; sourceTree = "<group>"; };
		B7DAEC58CF2DBC712F23698A /* Pods-TodoAppTests.release.xcconfig */ = {isa = PBXFileReference; includeInIndex = 1; lastKnownFileType = text.xcconfig; name = "Pods-TodoAppTests.release.xcconfig"; path = "Target Support Files/Pods-TodoAppTests/Pods-TodoAppTests.release.xcconfig"; sourceTree = "<group>"; };
		BE09902A6094471103530543 /* Pods_TodoAppTests.framework */ = {isa = PBXFileReference; explicitFileType = wrapper.framework; includeInIndex = 0; path = Pods_TodoAppTests.framework; sourceTree = BUILT_PRODUCTS_DIR; };
		C64DCBC4C338ABA1DE11EC94 /* Pods-TodoApp.release.xcconfig */ = {isa = PBXFileReference; includeInIndex = 1; lastKnownFileType = text.xcconfig; name = "Pods-TodoApp.release.xcconfig"; path = "Target Support Files/Pods-TodoApp/Pods-TodoApp.release.xcconfig"; sourceTree = "<group>"; };
		E21C36FEF1EE4DDBA3E23B59 /* Pods-TodoApp-TodoAppUITests.debug.xcconfig */ = {isa = PBXFileReference; includeInIndex = 1; lastKnownFileType = text.xcconfig; name = "Pods-TodoApp-TodoAppUITests.debug.xcconfig"; path = "Target Support Files/Pods-TodoApp-TodoAppUITests/Pods-TodoApp-TodoAppUITests.debug.xcconfig"; sourceTree = "<group>"; };
		E67126C352A0491E697354A1 /* Pods-TodoApp.debug.xcconfig */ = {isa = PBXFileReference; includeInIndex = 1; lastKnownFileType = text.xcconfig; name = "Pods-TodoApp.debug.xcconfig"; path = "Target Support Files/Pods-TodoApp/Pods-TodoApp.debug.xcconfig"; sourceTree = "<group>"; };
		F56B0DA656BE1DFCA0D06B97 /* Pods-TodoAppTests.debug.xcconfig */ = {isa = PBXFileReference; includeInIndex = 1; lastKnownFileType = text.xcconfig; name = "Pods-TodoAppTests.debug.xcconfig"; path = "Target Support Files/Pods-TodoAppTests/Pods-TodoAppTests.debug.xcconfig"; sourceTree = "<group>"; };
/* End PBXFileReference section */

/* Begin PBXFrameworksBuildPhase section */
		40A4F71124AAAC18001469C2 /* Frameworks */ = {
			isa = PBXFrameworksBuildPhase;
			buildActionMask = 2147483647;
			files = (
				10087AAFD5AAB03A23478C62 /* Pods_TodoApp.framework in Frameworks */,
			);
			runOnlyForDeploymentPostprocessing = 0;
		};
		40A4F72724AAAC1A001469C2 /* Frameworks */ = {
			isa = PBXFrameworksBuildPhase;
			buildActionMask = 2147483647;
			files = (
				45DFDFEBCCBB69A78B747822 /* Pods_TodoAppTests.framework in Frameworks */,
			);
			runOnlyForDeploymentPostprocessing = 0;
		};
		40A4F73224AAAC1B001469C2 /* Frameworks */ = {
			isa = PBXFrameworksBuildPhase;
			buildActionMask = 2147483647;
			files = (
				0BE1C0BE2381F035AEB02D1E /* Pods_TodoApp_TodoAppUITests.framework in Frameworks */,
			);
			runOnlyForDeploymentPostprocessing = 0;
		};
/* End PBXFrameworksBuildPhase section */

/* Begin PBXGroup section */
		2168C512ABB1EF286E90D8BB /* Pods */ = {
			isa = PBXGroup;
			children = (
				E67126C352A0491E697354A1 /* Pods-TodoApp.debug.xcconfig */,
				C64DCBC4C338ABA1DE11EC94 /* Pods-TodoApp.release.xcconfig */,
				E21C36FEF1EE4DDBA3E23B59 /* Pods-TodoApp-TodoAppUITests.debug.xcconfig */,
				A9E066A7EA21EBF6BA1009D0 /* Pods-TodoApp-TodoAppUITests.release.xcconfig */,
				F56B0DA656BE1DFCA0D06B97 /* Pods-TodoAppTests.debug.xcconfig */,
				B7DAEC58CF2DBC712F23698A /* Pods-TodoAppTests.release.xcconfig */,
			);
			path = Pods;
			sourceTree = "<group>";
		};
		40A4F70B24AAAC17001469C2 = {
			isa = PBXGroup;
			children = (
				40A4F71624AAAC18001469C2 /* TodoApp */,
				40A4F72D24AAAC1B001469C2 /* TodoAppTests */,
				40A4F73824AAAC1B001469C2 /* TodoAppUITests */,
				40A4F71524AAAC18001469C2 /* Products */,
				2168C512ABB1EF286E90D8BB /* Pods */,
				91A9AC69320429ED936C06A8 /* Frameworks */,
			);
			sourceTree = "<group>";
		};
		40A4F71524AAAC18001469C2 /* Products */ = {
			isa = PBXGroup;
			children = (
				40A4F71424AAAC18001469C2 /* TodoApp.app */,
				40A4F72A24AAAC1A001469C2 /* TodoAppTests.xctest */,
				40A4F73524AAAC1B001469C2 /* TodoAppUITests.xctest */,
			);
			name = Products;
			sourceTree = "<group>";
		};
		40A4F71624AAAC18001469C2 /* TodoApp */ = {
			isa = PBXGroup;
			children = (
				40A4F74A24AAAD00001469C2 /* App */,
				40A4F74724AAAC36001469C2 /* Model */,
				40A4F74B24AAAD2B001469C2 /* Views */,
				40A4F74C24AAB2B6001469C2 /* View Models */,
				40A4F75524AAC726001469C2 /* Repository */,
				40A4F71D24AAAC1A001469C2 /* Assets.xcassets */,
				40A4F72224AAAC1A001469C2 /* LaunchScreen.storyboard */,
				40A4F72524AAAC1A001469C2 /* Info.plist */,
				40A4F75324AAC362001469C2 /* GoogleService-Info.plist */,
				40A4F71F24AAAC1A001469C2 /* Preview Content */,
			);
			path = TodoApp;
			sourceTree = "<group>";
		};
		40A4F71F24AAAC1A001469C2 /* Preview Content */ = {
			isa = PBXGroup;
			children = (
				40A4F72024AAAC1A001469C2 /* Preview Assets.xcassets */,
			);
			path = "Preview Content";
			sourceTree = "<group>";
		};
		40A4F72D24AAAC1B001469C2 /* TodoAppTests */ = {
			isa = PBXGroup;
			children = (
				40A4F72E24AAAC1B001469C2 /* TodoAppTests.swift */,
				40A4F73024AAAC1B001469C2 /* Info.plist */,
			);
			path = TodoAppTests;
			sourceTree = "<group>";
		};
		40A4F73824AAAC1B001469C2 /* TodoAppUITests */ = {
			isa = PBXGroup;
			children = (
				40A4F73924AAAC1B001469C2 /* TodoAppUITests.swift */,
				40A4F73B24AAAC1B001469C2 /* Info.plist */,
			);
			path = TodoAppUITests;
			sourceTree = "<group>";
		};
		40A4F74724AAAC36001469C2 /* Model */ = {
			isa = PBXGroup;
			children = (
				40A4F74824AAAC46001469C2 /* Task.swift */,
			);
			path = Model;
			sourceTree = "<group>";
		};
		40A4F74A24AAAD00001469C2 /* App */ = {
			isa = PBXGroup;
			children = (
				40A4F71724AAAC18001469C2 /* AppDelegate.swift */,
				40A4F71924AAAC18001469C2 /* SceneDelegate.swift */,
			);
			path = App;
			sourceTree = "<group>";
		};
		40A4F74B24AAAD2B001469C2 /* Views */ = {
			isa = PBXGroup;
			children = (
				40A4F71B24AAAC18001469C2 /* TaskListView.swift */,
			);
			path = Views;
			sourceTree = "<group>";
		};
		40A4F74C24AAB2B6001469C2 /* View Models */ = {
			isa = PBXGroup;
			children = (
				40A4F74D24AAB2E7001469C2 /* TaskCellViewModel.swift */,
				40A4F75124AAB4F0001469C2 /* TaskListViewModel.swift */,
			);
			path = "View Models";
			sourceTree = "<group>";
		};
		40A4F75524AAC726001469C2 /* Repository */ = {
			isa = PBXGroup;
			children = (
				40A4F75624AAC74E001469C2 /* TaskRepository.swift */,
			);
			path = Repository;
			sourceTree = "<group>";
		};
		91A9AC69320429ED936C06A8 /* Frameworks */ = {
			isa = PBXGroup;
			children = (
				99A2C4E0B85AA6841E32C8CA /* Pods_TodoApp.framework */,
				5D801B842D25354143B3492A /* Pods_TodoApp_TodoAppUITests.framework */,
				BE09902A6094471103530543 /* Pods_TodoAppTests.framework */,
			);
			name = Frameworks;
			sourceTree = "<group>";
		};
/* End PBXGroup section */

/* Begin PBXNativeTarget section */
		40A4F71324AAAC18001469C2 /* TodoApp */ = {
			isa = PBXNativeTarget;
			buildConfigurationList = 40A4F73E24AAAC1B001469C2 /* Build configuration list for PBXNativeTarget "TodoApp" */;
			buildPhases = (
				4C3729EB952BA15E38D477FF /* [CP] Check Pods Manifest.lock */,
				40A4F71024AAAC18001469C2 /* Sources */,
				40A4F71124AAAC18001469C2 /* Frameworks */,
				40A4F71224AAAC18001469C2 /* Resources */,
				8A2A6AE5D3A37CC63F5EFCBF /* [CP] Embed Pods Frameworks */,
			);
			buildRules = (
			);
			dependencies = (
			);
			name = TodoApp;
			productName = TodoApp;
			productReference = 40A4F71424AAAC18001469C2 /* TodoApp.app */;
			productType = "com.apple.product-type.application";
		};
		40A4F72924AAAC1A001469C2 /* TodoAppTests */ = {
			isa = PBXNativeTarget;
			buildConfigurationList = 40A4F74124AAAC1B001469C2 /* Build configuration list for PBXNativeTarget "TodoAppTests" */;
			buildPhases = (
				32D80478C78E1BC9DCD94E5B /* [CP] Check Pods Manifest.lock */,
				40A4F72624AAAC1A001469C2 /* Sources */,
				40A4F72724AAAC1A001469C2 /* Frameworks */,
				40A4F72824AAAC1A001469C2 /* Resources */,
			);
			buildRules = (
			);
			dependencies = (
				40A4F72C24AAAC1B001469C2 /* PBXTargetDependency */,
			);
			name = TodoAppTests;
			productName = TodoAppTests;
			productReference = 40A4F72A24AAAC1A001469C2 /* TodoAppTests.xctest */;
			productType = "com.apple.product-type.bundle.unit-test";
		};
		40A4F73424AAAC1B001469C2 /* TodoAppUITests */ = {
			isa = PBXNativeTarget;
			buildConfigurationList = 40A4F74424AAAC1B001469C2 /* Build configuration list for PBXNativeTarget "TodoAppUITests" */;
			buildPhases = (
				7E79CB1DE66CB4969DA21547 /* [CP] Check Pods Manifest.lock */,
				40A4F73124AAAC1B001469C2 /* Sources */,
				40A4F73224AAAC1B001469C2 /* Frameworks */,
				40A4F73324AAAC1B001469C2 /* Resources */,
				63478563973F52258335DB37 /* [CP] Embed Pods Frameworks */,
			);
			buildRules = (
			);
			dependencies = (
				40A4F73724AAAC1B001469C2 /* PBXTargetDependency */,
			);
			name = TodoAppUITests;
			productName = TodoAppUITests;
			productReference = 40A4F73524AAAC1B001469C2 /* TodoAppUITests.xctest */;
			productType = "com.apple.product-type.bundle.ui-testing";
		};
/* End PBXNativeTarget section */

/* Begin PBXProject section */
		40A4F70C24AAAC18001469C2 /* Project object */ = {
			isa = PBXProject;
			attributes = {
				LastSwiftUpdateCheck = 1120;
				LastUpgradeCheck = 1120;
				ORGANIZATIONNAME = Adi;
				TargetAttributes = {
					40A4F71324AAAC18001469C2 = {
						CreatedOnToolsVersion = 11.2.1;
					};
					40A4F72924AAAC1A001469C2 = {
						CreatedOnToolsVersion = 11.2.1;
						TestTargetID = 40A4F71324AAAC18001469C2;
					};
					40A4F73424AAAC1B001469C2 = {
						CreatedOnToolsVersion = 11.2.1;
						TestTargetID = 40A4F71324AAAC18001469C2;
					};
				};
			};
			buildConfigurationList = 40A4F70F24AAAC18001469C2 /* Build configuration list for PBXProject "TodoApp" */;
			compatibilityVersion = "Xcode 9.3";
			developmentRegion = en;
			hasScannedForEncodings = 0;
			knownRegions = (
				en,
				Base,
			);
			mainGroup = 40A4F70B24AAAC17001469C2;
			productRefGroup = 40A4F71524AAAC18001469C2 /* Products */;
			projectDirPath = "";
			projectRoot = "";
			targets = (
				40A4F71324AAAC18001469C2 /* TodoApp */,
				40A4F72924AAAC1A001469C2 /* TodoAppTests */,
				40A4F73424AAAC1B001469C2 /* TodoAppUITests */,
			);
		};
/* End PBXProject section */

/* Begin PBXResourcesBuildPhase section */
		40A4F71224AAAC18001469C2 /* Resources */ = {
			isa = PBXResourcesBuildPhase;
			buildActionMask = 2147483647;
			files = (
				40A4F72424AAAC1A001469C2 /* LaunchScreen.storyboard in Resources */,
				40A4F75424AAC362001469C2 /* GoogleService-Info.plist in Resources */,
				40A4F72124AAAC1A001469C2 /* Preview Assets.xcassets in Resources */,
				40A4F71E24AAAC1A001469C2 /* Assets.xcassets in Resources */,
			);
			runOnlyForDeploymentPostprocessing = 0;
		};
		40A4F72824AAAC1A001469C2 /* Resources */ = {
			isa = PBXResourcesBuildPhase;
			buildActionMask = 2147483647;
			files = (
			);
			runOnlyForDeploymentPostprocessing = 0;
		};
		40A4F73324AAAC1B001469C2 /* Resources */ = {
			isa = PBXResourcesBuildPhase;
			buildActionMask = 2147483647;
			files = (
			);
			runOnlyForDeploymentPostprocessing = 0;
		};
/* End PBXResourcesBuildPhase section */

/* Begin PBXShellScriptBuildPhase section */
		32D80478C78E1BC9DCD94E5B /* [CP] Check Pods Manifest.lock */ = {
			isa = PBXShellScriptBuildPhase;
			buildActionMask = 2147483647;
			files = (
			);
			inputFileListPaths = (
			);
			inputPaths = (
				"${PODS_PODFILE_DIR_PATH}/Podfile.lock",
				"${PODS_ROOT}/Manifest.lock",
			);
			name = "[CP] Check Pods Manifest.lock";
			outputFileListPaths = (
			);
			outputPaths = (
				"$(DERIVED_FILE_DIR)/Pods-TodoAppTests-checkManifestLockResult.txt",
			);
			runOnlyForDeploymentPostprocessing = 0;
			shellPath = /bin/sh;
			shellScript = "diff \"${PODS_PODFILE_DIR_PATH}/Podfile.lock\" \"${PODS_ROOT}/Manifest.lock\" > /dev/null\nif [ $? != 0 ] ; then\n    # print error to STDERR\n    echo \"error: The sandbox is not in sync with the Podfile.lock. Run 'pod install' or update your CocoaPods installation.\" >&2\n    exit 1\nfi\n# This output is used by Xcode 'outputs' to avoid re-running this script phase.\necho \"SUCCESS\" > \"${SCRIPT_OUTPUT_FILE_0}\"\n";
			showEnvVarsInLog = 0;
		};
		4C3729EB952BA15E38D477FF /* [CP] Check Pods Manifest.lock */ = {
			isa = PBXShellScriptBuildPhase;
			buildActionMask = 2147483647;
			files = (
			);
			inputFileListPaths = (
			);
			inputPaths = (
				"${PODS_PODFILE_DIR_PATH}/Podfile.lock",
				"${PODS_ROOT}/Manifest.lock",
			);
			name = "[CP] Check Pods Manifest.lock";
			outputFileListPaths = (
			);
			outputPaths = (
				"$(DERIVED_FILE_DIR)/Pods-TodoApp-checkManifestLockResult.txt",
			);
			runOnlyForDeploymentPostprocessing = 0;
			shellPath = /bin/sh;
			shellScript = "diff \"${PODS_PODFILE_DIR_PATH}/Podfile.lock\" \"${PODS_ROOT}/Manifest.lock\" > /dev/null\nif [ $? != 0 ] ; then\n    # print error to STDERR\n    echo \"error: The sandbox is not in sync with the Podfile.lock. Run 'pod install' or update your CocoaPods installation.\" >&2\n    exit 1\nfi\n# This output is used by Xcode 'outputs' to avoid re-running this script phase.\necho \"SUCCESS\" > \"${SCRIPT_OUTPUT_FILE_0}\"\n";
			showEnvVarsInLog = 0;
		};
		63478563973F52258335DB37 /* [CP] Embed Pods Frameworks */ = {
			isa = PBXShellScriptBuildPhase;
			buildActionMask = 2147483647;
			files = (
			);
			inputFileListPaths = (
				"${PODS_ROOT}/Target Support Files/Pods-TodoApp-TodoAppUITests/Pods-TodoApp-TodoAppUITests-frameworks-${CONFIGURATION}-input-files.xcfilelist",
			);
			name = "[CP] Embed Pods Frameworks";
			outputFileListPaths = (
				"${PODS_ROOT}/Target Support Files/Pods-TodoApp-TodoAppUITests/Pods-TodoApp-TodoAppUITests-frameworks-${CONFIGURATION}-output-files.xcfilelist",
			);
			runOnlyForDeploymentPostprocessing = 0;
			shellPath = /bin/sh;
			shellScript = "\"${PODS_ROOT}/Target Support Files/Pods-TodoApp-TodoAppUITests/Pods-TodoApp-TodoAppUITests-frameworks.sh\"\n";
			showEnvVarsInLog = 0;
		};
		7E79CB1DE66CB4969DA21547 /* [CP] Check Pods Manifest.lock */ = {
			isa = PBXShellScriptBuildPhase;
			buildActionMask = 2147483647;
			files = (
			);
			inputFileListPaths = (
			);
			inputPaths = (
				"${PODS_PODFILE_DIR_PATH}/Podfile.lock",
				"${PODS_ROOT}/Manifest.lock",
			);
			name = "[CP] Check Pods Manifest.lock";
			outputFileListPaths = (
			);
			outputPaths = (
				"$(DERIVED_FILE_DIR)/Pods-TodoApp-TodoAppUITests-checkManifestLockResult.txt",
			);
			runOnlyForDeploymentPostprocessing = 0;
			shellPath = /bin/sh;
			shellScript = "diff \"${PODS_PODFILE_DIR_PATH}/Podfile.lock\" \"${PODS_ROOT}/Manifest.lock\" > /dev/null\nif [ $? != 0 ] ; then\n    # print error to STDERR\n    echo \"error: The sandbox is not in sync with the Podfile.lock. Run 'pod install' or update your CocoaPods installation.\" >&2\n    exit 1\nfi\n# This output is used by Xcode 'outputs' to avoid re-running this script phase.\necho \"SUCCESS\" > \"${SCRIPT_OUTPUT_FILE_0}\"\n";
			showEnvVarsInLog = 0;
		};
		8A2A6AE5D3A37CC63F5EFCBF /* [CP] Embed Pods Frameworks */ = {
			isa = PBXShellScriptBuildPhase;
			buildActionMask = 2147483647;
			files = (
			);
			inputFileListPaths = (
				"${PODS_ROOT}/Target Support Files/Pods-TodoApp/Pods-TodoApp-frameworks-${CONFIGURATION}-input-files.xcfilelist",
			);
			name = "[CP] Embed Pods Frameworks";
			outputFileListPaths = (
				"${PODS_ROOT}/Target Support Files/Pods-TodoApp/Pods-TodoApp-frameworks-${CONFIGURATION}-output-files.xcfilelist",
			);
			runOnlyForDeploymentPostprocessing = 0;
			shellPath = /bin/sh;
			shellScript = "\"${PODS_ROOT}/Target Support Files/Pods-TodoApp/Pods-TodoApp-frameworks.sh\"\n";
			showEnvVarsInLog = 0;
		};
/* End PBXShellScriptBuildPhase section */

/* Begin PBXSourcesBuildPhase section */
		40A4F71024AAAC18001469C2 /* Sources */ = {
			isa = PBXSourcesBuildPhase;
			buildActionMask = 2147483647;
			files = (
				40A4F74924AAAC46001469C2 /* Task.swift in Sources */,
				40A4F71824AAAC18001469C2 /* AppDelegate.swift in Sources */,
				40A4F71A24AAAC18001469C2 /* SceneDelegate.swift in Sources */,
				40A4F71C24AAAC18001469C2 /* TaskListView.swift in Sources */,
				40A4F74E24AAB2E7001469C2 /* TaskCellViewModel.swift in Sources */,
				40A4F75224AAB4F0001469C2 /* TaskListViewModel.swift in Sources */,
				40A4F75724AAC74E001469C2 /* TaskRepository.swift in Sources */,
			);
			runOnlyForDeploymentPostprocessing = 0;
		};
		40A4F72624AAAC1A001469C2 /* Sources */ = {
			isa = PBXSourcesBuildPhase;
			buildActionMask = 2147483647;
			files = (
				40A4F72F24AAAC1B001469C2 /* TodoAppTests.swift in Sources */,
			);
			runOnlyForDeploymentPostprocessing = 0;
		};
		40A4F73124AAAC1B001469C2 /* Sources */ = {
			isa = PBXSourcesBuildPhase;
			buildActionMask = 2147483647;
			files = (
				40A4F73A24AAAC1B001469C2 /* TodoAppUITests.swift in Sources */,
			);
			runOnlyForDeploymentPostprocessing = 0;
		};
/* End PBXSourcesBuildPhase section */

/* Begin PBXTargetDependency section */
		40A4F72C24AAAC1B001469C2 /* PBXTargetDependency */ = {
			isa = PBXTargetDependency;
			target = 40A4F71324AAAC18001469C2 /* TodoApp */;
			targetProxy = 40A4F72B24AAAC1B001469C2 /* PBXContainerItemProxy */;
		};
		40A4F73724AAAC1B001469C2 /* PBXTargetDependency */ = {
			isa = PBXTargetDependency;
			target = 40A4F71324AAAC18001469C2 /* TodoApp */;
			targetProxy = 40A4F73624AAAC1B001469C2 /* PBXContainerItemProxy */;
		};
/* End PBXTargetDependency section */

/* Begin PBXVariantGroup section */
		40A4F72224AAAC1A001469C2 /* LaunchScreen.storyboard */ = {
			isa = PBXVariantGroup;
			children = (
				40A4F72324AAAC1A001469C2 /* Base */,
			);
			name = LaunchScreen.storyboard;
			sourceTree = "<group>";
		};
/* End PBXVariantGroup section */

/* Begin XCBuildConfiguration section */
		40A4F73C24AAAC1B001469C2 /* Debug */ = {
			isa = XCBuildConfiguration;
			buildSettings = {
				ALWAYS_SEARCH_USER_PATHS = NO;
				CLANG_ANALYZER_NONNULL = YES;
				CLANG_ANALYZER_NUMBER_OBJECT_CONVERSION = YES_AGGRESSIVE;
				CLANG_CXX_LANGUAGE_STANDARD = "gnu++14";
				CLANG_CXX_LIBRARY = "libc++";
				CLANG_ENABLE_MODULES = YES;
				CLANG_ENABLE_OBJC_ARC = YES;
				CLANG_ENABLE_OBJC_WEAK = YES;
				CLANG_WARN_BLOCK_CAPTURE_AUTORELEASING = YES;
				CLANG_WARN_BOOL_CONVERSION = YES;
				CLANG_WARN_COMMA = YES;
				CLANG_WARN_CONSTANT_CONVERSION = YES;
				CLANG_WARN_DEPRECATED_OBJC_IMPLEMENTATIONS = YES;
				CLANG_WARN_DIRECT_OBJC_ISA_USAGE = YES_ERROR;
				CLANG_WARN_DOCUMENTATION_COMMENTS = YES;
				CLANG_WARN_EMPTY_BODY = YES;
				CLANG_WARN_ENUM_CONVERSION = YES;
				CLANG_WARN_INFINITE_RECURSION = YES;
				CLANG_WARN_INT_CONVERSION = YES;
				CLANG_WARN_NON_LITERAL_NULL_CONVERSION = YES;
				CLANG_WARN_OBJC_IMPLICIT_RETAIN_SELF = YES;
				CLANG_WARN_OBJC_LITERAL_CONVERSION = YES;
				CLANG_WARN_OBJC_ROOT_CLASS = YES_ERROR;
				CLANG_WARN_RANGE_LOOP_ANALYSIS = YES;
				CLANG_WARN_STRICT_PROTOTYPES = YES;
				CLANG_WARN_SUSPICIOUS_MOVE = YES;
				CLANG_WARN_UNGUARDED_AVAILABILITY = YES_AGGRESSIVE;
				CLANG_WARN_UNREACHABLE_CODE = YES;
				CLANG_WARN__DUPLICATE_METHOD_MATCH = YES;
				COPY_PHASE_STRIP = NO;
				DEBUG_INFORMATION_FORMAT = dwarf;
				ENABLE_STRICT_OBJC_MSGSEND = YES;
				ENABLE_TESTABILITY = YES;
				GCC_C_LANGUAGE_STANDARD = gnu11;
				GCC_DYNAMIC_NO_PIC = NO;
				GCC_NO_COMMON_BLOCKS = YES;
				GCC_OPTIMIZATION_LEVEL = 0;
				GCC_PREPROCESSOR_DEFINITIONS = (
					"DEBUG=1",
					"$(inherited)",
				);
				GCC_WARN_64_TO_32_BIT_CONVERSION = YES;
				GCC_WARN_ABOUT_RETURN_TYPE = YES_ERROR;
				GCC_WARN_UNDECLARED_SELECTOR = YES;
				GCC_WARN_UNINITIALIZED_AUTOS = YES_AGGRESSIVE;
				GCC_WARN_UNUSED_FUNCTION = YES;
				GCC_WARN_UNUSED_VARIABLE = YES;
				IPHONEOS_DEPLOYMENT_TARGET = 13.2;
				MTL_ENABLE_DEBUG_INFO = INCLUDE_SOURCE;
				MTL_FAST_MATH = YES;
				ONLY_ACTIVE_ARCH = YES;
				SDKROOT = iphoneos;
				SWIFT_ACTIVE_COMPILATION_CONDITIONS = DEBUG;
				SWIFT_OPTIMIZATION_LEVEL = "-Onone";
			};
			name = Debug;
		};
		40A4F73D24AAAC1B001469C2 /* Release */ = {
			isa = XCBuildConfiguration;
			buildSettings = {
				ALWAYS_SEARCH_USER_PATHS = NO;
				CLANG_ANALYZER_NONNULL = YES;
				CLANG_ANALYZER_NUMBER_OBJECT_CONVERSION = YES_AGGRESSIVE;
				CLANG_CXX_LANGUAGE_STANDARD = "gnu++14";
				CLANG_CXX_LIBRARY = "libc++";
				CLANG_ENABLE_MODULES = YES;
				CLANG_ENABLE_OBJC_ARC = YES;
				CLANG_ENABLE_OBJC_WEAK = YES;
				CLANG_WARN_BLOCK_CAPTURE_AUTORELEASING = YES;
				CLANG_WARN_BOOL_CONVERSION = YES;
				CLANG_WARN_COMMA = YES;
				CLANG_WARN_CONSTANT_CONVERSION = YES;
				CLANG_WARN_DEPRECATED_OBJC_IMPLEMENTATIONS = YES;
				CLANG_WARN_DIRECT_OBJC_ISA_USAGE = YES_ERROR;
				CLANG_WARN_DOCUMENTATION_COMMENTS = YES;
				CLANG_WARN_EMPTY_BODY = YES;
				CLANG_WARN_ENUM_CONVERSION = YES;
				CLANG_WARN_INFINITE_RECURSION = YES;
				CLANG_WARN_INT_CONVERSION = YES;
				CLANG_WARN_NON_LITERAL_NULL_CONVERSION = YES;
				CLANG_WARN_OBJC_IMPLICIT_RETAIN_SELF = YES;
				CLANG_WARN_OBJC_LITERAL_CONVERSION = YES;
				CLANG_WARN_OBJC_ROOT_CLASS = YES_ERROR;
				CLANG_WARN_RANGE_LOOP_ANALYSIS = YES;
				CLANG_WARN_STRICT_PROTOTYPES = YES;
				CLANG_WARN_SUSPICIOUS_MOVE = YES;
				CLANG_WARN_UNGUARDED_AVAILABILITY = YES_AGGRESSIVE;
				CLANG_WARN_UNREACHABLE_CODE = YES;
				CLANG_WARN__DUPLICATE_METHOD_MATCH = YES;
				COPY_PHASE_STRIP = NO;
				DEBUG_INFORMATION_FORMAT = "dwarf-with-dsym";
				ENABLE_NS_ASSERTIONS = NO;
				ENABLE_STRICT_OBJC_MSGSEND = YES;
				GCC_C_LANGUAGE_STANDARD = gnu11;
				GCC_NO_COMMON_BLOCKS = YES;
				GCC_WARN_64_TO_32_BIT_CONVERSION = YES;
				GCC_WARN_ABOUT_RETURN_TYPE = YES_ERROR;
				GCC_WARN_UNDECLARED_SELECTOR = YES;
				GCC_WARN_UNINITIALIZED_AUTOS = YES_AGGRESSIVE;
				GCC_WARN_UNUSED_FUNCTION = YES;
				GCC_WARN_UNUSED_VARIABLE = YES;
				IPHONEOS_DEPLOYMENT_TARGET = 13.2;
				MTL_ENABLE_DEBUG_INFO = NO;
				MTL_FAST_MATH = YES;
				SDKROOT = iphoneos;
				SWIFT_COMPILATION_MODE = wholemodule;
				SWIFT_OPTIMIZATION_LEVEL = "-O";
				VALIDATE_PRODUCT = YES;
			};
			name = Release;
		};
		40A4F73F24AAAC1B001469C2 /* Debug */ = {
			isa = XCBuildConfiguration;
			baseConfigurationReference = E67126C352A0491E697354A1 /* Pods-TodoApp.debug.xcconfig */;
			buildSettings = {
				ASSETCATALOG_COMPILER_APPICON_NAME = AppIcon;
				CODE_SIGN_STYLE = Automatic;
				DEVELOPMENT_ASSET_PATHS = "\"TodoApp/Preview Content\"";
				DEVELOPMENT_TEAM = YT23XWN63C;
				ENABLE_PREVIEWS = YES;
				INFOPLIST_FILE = TodoApp/Info.plist;
				LD_RUNPATH_SEARCH_PATHS = (
					"$(inherited)",
					"@executable_path/Frameworks",
				);
				PRODUCT_BUNDLE_IDENTIFIER = com.garg.TodoApp;
				PRODUCT_NAME = "$(TARGET_NAME)";
				SWIFT_VERSION = 5.0;
				TARGETED_DEVICE_FAMILY = "1,2";
			};
			name = Debug;
		};
		40A4F74024AAAC1B001469C2 /* Release */ = {
			isa = XCBuildConfiguration;
			baseConfigurationReference = C64DCBC4C338ABA1DE11EC94 /* Pods-TodoApp.release.xcconfig */;
			buildSettings = {
				ASSETCATALOG_COMPILER_APPICON_NAME = AppIcon;
				CODE_SIGN_STYLE = Automatic;
				DEVELOPMENT_ASSET_PATHS = "\"TodoApp/Preview Content\"";
				DEVELOPMENT_TEAM = YT23XWN63C;
				ENABLE_PREVIEWS = YES;
				INFOPLIST_FILE = TodoApp/Info.plist;
				LD_RUNPATH_SEARCH_PATHS = (
					"$(inherited)",
					"@executable_path/Frameworks",
				);
				PRODUCT_BUNDLE_IDENTIFIER = com.garg.TodoApp;
				PRODUCT_NAME = "$(TARGET_NAME)";
				SWIFT_VERSION = 5.0;
				TARGETED_DEVICE_FAMILY = "1,2";
			};
			name = Release;
		};
		40A4F74224AAAC1B001469C2 /* Debug */ = {
			isa = XCBuildConfiguration;
			baseConfigurationReference = F56B0DA656BE1DFCA0D06B97 /* Pods-TodoAppTests.debug.xcconfig */;
			buildSettings = {
				ALWAYS_EMBED_SWIFT_STANDARD_LIBRARIES = YES;
				BUNDLE_LOADER = "$(TEST_HOST)";
				CODE_SIGN_STYLE = Automatic;
				DEVELOPMENT_TEAM = YT23XWN63C;
				INFOPLIST_FILE = TodoAppTests/Info.plist;
				IPHONEOS_DEPLOYMENT_TARGET = 13.2;
				LD_RUNPATH_SEARCH_PATHS = (
					"$(inherited)",
					"@executable_path/Frameworks",
					"@loader_path/Frameworks",
				);
				PRODUCT_BUNDLE_IDENTIFIER = com.garg.TodoAppTests;
				PRODUCT_NAME = "$(TARGET_NAME)";
				SWIFT_VERSION = 5.0;
				TARGETED_DEVICE_FAMILY = "1,2";
				TEST_HOST = "$(BUILT_PRODUCTS_DIR)/TodoApp.app/TodoApp";
			};
			name = Debug;
		};
		40A4F74324AAAC1B001469C2 /* Release */ = {
			isa = XCBuildConfiguration;
			baseConfigurationReference = B7DAEC58CF2DBC712F23698A /* Pods-TodoAppTests.release.xcconfig */;
			buildSettings = {
				ALWAYS_EMBED_SWIFT_STANDARD_LIBRARIES = YES;
				BUNDLE_LOADER = "$(TEST_HOST)";
				CODE_SIGN_STYLE = Automatic;
				DEVELOPMENT_TEAM = YT23XWN63C;
				INFOPLIST_FILE = TodoAppTests/Info.plist;
				IPHONEOS_DEPLOYMENT_TARGET = 13.2;
				LD_RUNPATH_SEARCH_PATHS = (
					"$(inherited)",
					"@executable_path/Frameworks",
					"@loader_path/Frameworks",
				);
				PRODUCT_BUNDLE_IDENTIFIER = com.garg.TodoAppTests;
				PRODUCT_NAME = "$(TARGET_NAME)";
				SWIFT_VERSION = 5.0;
				TARGETED_DEVICE_FAMILY = "1,2";
				TEST_HOST = "$(BUILT_PRODUCTS_DIR)/TodoApp.app/TodoApp";
			};
			name = Release;
		};
		40A4F74524AAAC1B001469C2 /* Debug */ = {
			isa = XCBuildConfiguration;
			baseConfigurationReference = E21C36FEF1EE4DDBA3E23B59 /* Pods-TodoApp-TodoAppUITests.debug.xcconfig */;
			buildSettings = {
				ALWAYS_EMBED_SWIFT_STANDARD_LIBRARIES = YES;
				CODE_SIGN_STYLE = Automatic;
				DEVELOPMENT_TEAM = YT23XWN63C;
				INFOPLIST_FILE = TodoAppUITests/Info.plist;
				LD_RUNPATH_SEARCH_PATHS = (
					"$(inherited)",
					"@executable_path/Frameworks",
					"@loader_path/Frameworks",
				);
				PRODUCT_BUNDLE_IDENTIFIER = com.garg.TodoAppUITests;
				PRODUCT_NAME = "$(TARGET_NAME)";
				SWIFT_VERSION = 5.0;
				TARGETED_DEVICE_FAMILY = "1,2";
				TEST_TARGET_NAME = TodoApp;
			};
			name = Debug;
		};
		40A4F74624AAAC1B001469C2 /* Release */ = {
			isa = XCBuildConfiguration;
			baseConfigurationReference = A9E066A7EA21EBF6BA1009D0 /* Pods-TodoApp-TodoAppUITests.release.xcconfig */;
			buildSettings = {
				ALWAYS_EMBED_SWIFT_STANDARD_LIBRARIES = YES;
				CODE_SIGN_STYLE = Automatic;
				DEVELOPMENT_TEAM = YT23XWN63C;
				INFOPLIST_FILE = TodoAppUITests/Info.plist;
				LD_RUNPATH_SEARCH_PATHS = (
					"$(inherited)",
					"@executable_path/Frameworks",
					"@loader_path/Frameworks",
				);
				PRODUCT_BUNDLE_IDENTIFIER = com.garg.TodoAppUITests;
				PRODUCT_NAME = "$(TARGET_NAME)";
				SWIFT_VERSION = 5.0;
				TARGETED_DEVICE_FAMILY = "1,2";
				TEST_TARGET_NAME = TodoApp;
			};
			name = Release;
		};
/* End XCBuildConfiguration section */

/* Begin XCConfigurationList section */
		40A4F70F24AAAC18001469C2 /* Build configuration list for PBXProject "TodoApp" */ = {
			isa = XCConfigurationList;
			buildConfigurations = (
				40A4F73C24AAAC1B001469C2 /* Debug */,
				40A4F73D24AAAC1B001469C2 /* Release */,
			);
			defaultConfigurationIsVisible = 0;
			defaultConfigurationName = Release;
		};
		40A4F73E24AAAC1B001469C2 /* Build configuration list for PBXNativeTarget "TodoApp" */ = {
			isa = XCConfigurationList;
			buildConfigurations = (
				40A4F73F24AAAC1B001469C2 /* Debug */,
				40A4F74024AAAC1B001469C2 /* Release */,
			);
			defaultConfigurationIsVisible = 0;
			defaultConfigurationName = Release;
		};
		40A4F74124AAAC1B001469C2 /* Build configuration list for PBXNativeTarget "TodoAppTests" */ = {
			isa = XCConfigurationList;
			buildConfigurations = (
				40A4F74224AAAC1B001469C2 /* Debug */,
				40A4F74324AAAC1B001469C2 /* Release */,
			);
			defaultConfigurationIsVisible = 0;
			defaultConfigurationName = Release;
		};
		40A4F74424AAAC1B001469C2 /* Build configuration list for PBXNativeTarget "TodoAppUITests" */ = {
			isa = XCConfigurationList;
			buildConfigurations = (
				40A4F74524AAAC1B001469C2 /* Debug */,
				40A4F74624AAAC1B001469C2 /* Release */,
			);
			defaultConfigurationIsVisible = 0;
			defaultConfigurationName = Release;
		};
/* End XCConfigurationList section */
	};
	rootObject = 40A4F70C24AAAC18001469C2 /* Project object */;
}
